
Microsoft Visual Studio Solution File, Format Version 12.00
# Visual Studio Version 16
VisualStudioVersion = 16.0.32106.194
MinimumVisualStudioVersion = 10.0.40219.1
Project("{8BC9CEB8-8B4A-11D0-8D11-00A0C91BC942}") = "defocus", "defocus\defocus.vcxproj", "{7A2C2FC4-6485-42B0-9038-E010219B7BD9}"
EndProject
Global
	GlobalSection(SolutionConfigurationPlatforms) = preSolution
		Debug|x64 = Debug|x64
		Debug|x86 = Debug|x86
		Release|x64 = Release|x64
		Release|x86 = Release|x86
	EndGlobalSection
	GlobalSection(ProjectConfigurationPlatforms) = postSolution
		{7A2C2FC4-6485-42B0-9038-E010219B7BD9}.Debug|x64.ActiveCfg = Debug|x64
		{7A2C2FC4-6485-42B0-9038-E010219B7BD9}.Debug|x64.Build.0 = Debug|x64
		{7A2C2FC4-6485-42B0-9038-E010219B7BD9}.Debug|x86.ActiveCfg = Debug|Win32
		{7A2C2FC4-6485-42B0-9038-E010219B7BD9}.Debug|x86.Build.0 = Debug|Win32
		{7A2C2FC4-6485-42B0-9038-E010219B7BD9}.Release|x64.ActiveCfg = Release|x64
		{7A2C2FC4-6485-42B0-9038-E010219B7BD9}.Release|x64.Build.0 = Release|x64
		{7A2C2FC4-6485-42B0-9038-E010219B7BD9}.Release|x86.ActiveCfg = Release|Win32
		{7A2C2FC4-6485-42B0-9038-E010219B7BD9}.Release|x86.Build.0 = Release|Win32
	EndGlobalSection
	GlobalSection(SolutionProperties) = preSolution
		HideSolutionNode = FALSE
	EndGlobalSection
	GlobalSection(ExtensibilityGlobals) = postSolution
		SolutionGuid = {45496B8C-ECE1-4456-A4FF-3BF4A6D126B8}
	EndGlobalSection
EndGlobal
